
Microsoft Visual Studio Solution File, Format Version 12.00
# Visual Studio Version 16
VisualStudioVersion = 16.0.30011.22
MinimumVisualStudioVersion = 10.0.40219.1
Project("{FAE04EC0-301F-11D3-BF4B-00C04F79EFBC}") = "ProjetoTeste", "ProjetoTeste.csproj", "{58D2D227-B23F-448C-BD3E-328A6283EA2D}"
EndProject
Global
	GlobalSection(SolutionConfigurationPlatforms) = preSolution
		Debug|Any CPU = Debug|Any CPU
		Release|Any CPU = Release|Any CPU
	EndGlobalSection
	GlobalSection(ProjectConfigurationPlatforms) = postSolution
		{58D2D227-B23F-448C-BD3E-328A6283EA2D}.Debug|Any CPU.ActiveCfg = Debug|Any CPU
		{58D2D227-B23F-448C-BD3E-328A6283EA2D}.Debug|Any CPU.Build.0 = Debug|Any CPU
		{58D2D227-B23F-448C-BD3E-328A6283EA2D}.Release|Any CPU.ActiveCfg = Release|Any CPU
		{58D2D227-B23F-448C-BD3E-328A6283EA2D}.Release|Any CPU.Build.0 = Release|Any CPU
	EndGlobalSection
	GlobalSection(SolutionProperties) = preSolution
		HideSolutionNode = FALSE
	EndGlobalSection
	GlobalSection(ExtensibilityGlobals) = postSolution
		SolutionGuid = {5EBB9B73-553B-4D63-BEA6-481FB37A2E8D}
	EndGlobalSection
EndGlobal
